// !$*UTF8*$!
{
	archiveVersion = 1;
	classes = {
	};
	objectVersion = 46;
	objects = {

/* Begin PBXBuildFile section */
		3243E45B1F437BB4002444EF /* AppDelegate.swift in Sources */ = {isa = PBXBuildFile; fileRef = 3243E45A1F437BB4002444EF /* AppDelegate.swift */; };
		3243E4601F437BB4002444EF /* Main.storyboard in Resources */ = {isa = PBXBuildFile; fileRef = 3243E45E1F437BB4002444EF /* Main.storyboard */; };
		3243E4621F437BB4002444EF /* Assets.xcassets in Resources */ = {isa = PBXBuildFile; fileRef = 3243E4611F437BB4002444EF /* Assets.xcassets */; };
		3243E4651F437BB4002444EF /* LaunchScreen.storyboard in Resources */ = {isa = PBXBuildFile; fileRef = 3243E4631F437BB4002444EF /* LaunchScreen.storyboard */; };
		3243E4701F437BB5002444EF /* WorldTrotterTests.swift in Sources */ = {isa = PBXBuildFile; fileRef = 3243E46F1F437BB5002444EF /* WorldTrotterTests.swift */; };
		3243E47B1F437BB5002444EF /* WorldTrotterUITests.swift in Sources */ = {isa = PBXBuildFile; fileRef = 3243E47A1F437BB5002444EF /* WorldTrotterUITests.swift */; };
		3262171A2154448F0034AC4B /* Localizable.strings in Resources */ = {isa = PBXBuildFile; fileRef = 3262171C2154448F0034AC4B /* Localizable.strings */; };
		3271D4A11F451102007E2DAE /* ConversionViewController.swift in Sources */ = {isa = PBXBuildFile; fileRef = 3271D4A01F451102007E2DAE /* ConversionViewController.swift */; };
		3271D4A41F468D3A007E2DAE /* MapKit.framework in Frameworks */ = {isa = PBXBuildFile; fileRef = 3271D4A31F468D3A007E2DAE /* MapKit.framework */; };
		3271D4A61F47798C007E2DAE /* MapViewController.swift in Sources */ = {isa = PBXBuildFile; fileRef = 3271D4A51F47798C007E2DAE /* MapViewController.swift */; };
		3276C1A420B8CE1F007DB919 /* WebViewController.swift in Sources */ = {isa = PBXBuildFile; fileRef = 3276C1A320B8CE1F007DB919 /* WebViewController.swift */; };
/* End PBXBuildFile section */

/* Begin PBXContainerItemProxy section */
		3243E46C1F437BB5002444EF /* PBXContainerItemProxy */ = {
			isa = PBXContainerItemProxy;
			containerPortal = 3243E44F1F437BB4002444EF /* Project object */;
			proxyType = 1;
			remoteGlobalIDString = 3243E4561F437BB4002444EF;
			remoteInfo = WorldTrotter;
		};
		3243E4771F437BB5002444EF /* PBXContainerItemProxy */ = {
			isa = PBXContainerItemProxy;
			containerPortal = 3243E44F1F437BB4002444EF /* Project object */;
			proxyType = 1;
			remoteGlobalIDString = 3243E4561F437BB4002444EF;
			remoteInfo = WorldTrotter;
		};
/* End PBXContainerItemProxy section */

/* Begin PBXFileReference section */
		3243E4571F437BB4002444EF /* WorldTrotter.app */ = {isa = PBXFileReference; explicitFileType = wrapper.application; includeInIndex = 0; path = WorldTrotter.app; sourceTree = BUILT_PRODUCTS_DIR; };
		3243E45A1F437BB4002444EF /* AppDelegate.swift */ = {isa = PBXFileReference; lastKnownFileType = sourcecode.swift; path = AppDelegate.swift; sourceTree = "<group>"; };
		3243E45F1F437BB4002444EF /* Base */ = {isa = PBXFileReference; lastKnownFileType = file.storyboard; name = Base; path = Base.lproj/Main.storyboard; sourceTree = "<group>"; };
		3243E4611F437BB4002444EF /* Assets.xcassets */ = {isa = PBXFileReference; lastKnownFileType = folder.assetcatalog; path = Assets.xcassets; sourceTree = "<group>"; };
		3243E4641F437BB4002444EF /* Base */ = {isa = PBXFileReference; lastKnownFileType = file.storyboard; name = Base; path = Base.lproj/LaunchScreen.storyboard; sourceTree = "<group>"; };
		3243E4661F437BB4002444EF /* Info.plist */ = {isa = PBXFileReference; lastKnownFileType = text.plist.xml; path = Info.plist; sourceTree = "<group>"; };
		3243E46B1F437BB5002444EF /* WorldTrotterTests.xctest */ = {isa = PBXFileReference; explicitFileType = wrapper.cfbundle; includeInIndex = 0; path = WorldTrotterTests.xctest; sourceTree = BUILT_PRODUCTS_DIR; };
		3243E46F1F437BB5002444EF /* WorldTrotterTests.swift */ = {isa = PBXFileReference; lastKnownFileType = sourcecode.swift; path = WorldTrotterTests.swift; sourceTree = "<group>"; };
		3243E4711F437BB5002444EF /* Info.plist */ = {isa = PBXFileReference; lastKnownFileType = text.plist.xml; path = Info.plist; sourceTree = "<group>"; };
		3243E4761F437BB5002444EF /* WorldTrotterUITests.xctest */ = {isa = PBXFileReference; explicitFileType = wrapper.cfbundle; includeInIndex = 0; path = WorldTrotterUITests.xctest; sourceTree = BUILT_PRODUCTS_DIR; };
		3243E47A1F437BB5002444EF /* WorldTrotterUITests.swift */ = {isa = PBXFileReference; lastKnownFileType = sourcecode.swift; path = WorldTrotterUITests.swift; sourceTree = "<group>"; };
		3243E47C1F437BB5002444EF /* Info.plist */ = {isa = PBXFileReference; lastKnownFileType = text.plist.xml; path = Info.plist; sourceTree = "<group>"; };
		324BEC6521543D780066761A /* en */ = {isa = PBXFileReference; lastKnownFileType = text.plist.strings; name = en; path = en.lproj/Main.strings; sourceTree = "<group>"; };
		324BEC6621543DD10066761A /* es */ = {isa = PBXFileReference; lastKnownFileType = text.plist.strings; name = es; path = es.lproj/Main.strings; sourceTree = "<group>"; };
		3262171B2154448F0034AC4B /* en */ = {isa = PBXFileReference; lastKnownFileType = text.plist.strings; name = en; path = en.lproj/Localizable.strings; sourceTree = "<group>"; };
		3262171D215444940034AC4B /* es */ = {isa = PBXFileReference; lastKnownFileType = text.plist.strings; name = es; path = es.lproj/Localizable.strings; sourceTree = "<group>"; };
		32707FD221547844009D5189 /* ko */ = {isa = PBXFileReference; lastKnownFileType = text.plist.strings; name = ko; path = ko.lproj/Main.strings; sourceTree = "<group>"; };
		32707FD321547844009D5189 /* ko */ = {isa = PBXFileReference; lastKnownFileType = text.plist.strings; name = ko; path = ko.lproj/Localizable.strings; sourceTree = "<group>"; };
		3271D4A01F451102007E2DAE /* ConversionViewController.swift */ = {isa = PBXFileReference; fileEncoding = 4; lastKnownFileType = sourcecode.swift; name = ConversionViewController.swift; path = ../ConversionViewController.swift; sourceTree = "<group>"; };
		3271D4A31F468D3A007E2DAE /* MapKit.framework */ = {isa = PBXFileReference; lastKnownFileType = wrapper.framework; name = MapKit.framework; path = System/Library/Frameworks/MapKit.framework; sourceTree = SDKROOT; };
		3271D4A51F47798C007E2DAE /* MapViewController.swift */ = {isa = PBXFileReference; fileEncoding = 4; lastKnownFileType = sourcecode.swift; path = MapViewController.swift; sourceTree = "<group>"; };
		3276C1A320B8CE1F007DB919 /* WebViewController.swift */ = {isa = PBXFileReference; lastKnownFileType = sourcecode.swift; path = WebViewController.swift; sourceTree = "<group>"; };
/* End PBXFileReference section */

/* Begin PBXFrameworksBuildPhase section */
		3243E4541F437BB4002444EF /* Frameworks */ = {
			isa = PBXFrameworksBuildPhase;
			buildActionMask = 2147483647;
			files = (
				3271D4A41F468D3A007E2DAE /* MapKit.framework in Frameworks */,
			);
			runOnlyForDeploymentPostprocessing = 0;
		};
		3243E4681F437BB5002444EF /* Frameworks */ = {
			isa = PBXFrameworksBuildPhase;
			buildActionMask = 2147483647;
			files = (
			);
			runOnlyForDeploymentPostprocessing = 0;
		};
		3243E4731F437BB5002444EF /* Frameworks */ = {
			isa = PBXFrameworksBuildPhase;
			buildActionMask = 2147483647;
			files = (
			);
			runOnlyForDeploymentPostprocessing = 0;
		};
/* End PBXFrameworksBuildPhase section */

/* Begin PBXGroup section */
		3243E44E1F437BB4002444EF = {
			isa = PBXGroup;
			children = (
				3243E4591F437BB4002444EF /* WorldTrotter */,
				3243E46E1F437BB5002444EF /* WorldTrotterTests */,
				3243E4791F437BB5002444EF /* WorldTrotterUITests */,
				3243E4581F437BB4002444EF /* Products */,
				3271D4A21F468D3A007E2DAE /* Frameworks */,
			);
			sourceTree = "<group>";
		};
		3243E4581F437BB4002444EF /* Products */ = {
			isa = PBXGroup;
			children = (
				3243E4571F437BB4002444EF /* WorldTrotter.app */,
				3243E46B1F437BB5002444EF /* WorldTrotterTests.xctest */,
				3243E4761F437BB5002444EF /* WorldTrotterUITests.xctest */,
			);
			name = Products;
			sourceTree = "<group>";
		};
		3243E4591F437BB4002444EF /* WorldTrotter */ = {
			isa = PBXGroup;
			children = (
				3243E45A1F437BB4002444EF /* AppDelegate.swift */,
				3271D4A01F451102007E2DAE /* ConversionViewController.swift */,
				3243E45E1F437BB4002444EF /* Main.storyboard */,
				3271D4A51F47798C007E2DAE /* MapViewController.swift */,
				3262171C2154448F0034AC4B /* Localizable.strings */,
				3276C1A320B8CE1F007DB919 /* WebViewController.swift */,
				3243E4611F437BB4002444EF /* Assets.xcassets */,
				3243E4631F437BB4002444EF /* LaunchScreen.storyboard */,
				3243E4661F437BB4002444EF /* Info.plist */,
			);
			path = WorldTrotter;
			sourceTree = "<group>";
		};
		3243E46E1F437BB5002444EF /* WorldTrotterTests */ = {
			isa = PBXGroup;
			children = (
				3243E46F1F437BB5002444EF /* WorldTrotterTests.swift */,
				3243E4711F437BB5002444EF /* Info.plist */,
			);
			path = WorldTrotterTests;
			sourceTree = "<group>";
		};
		3243E4791F437BB5002444EF /* WorldTrotterUITests */ = {
			isa = PBXGroup;
			children = (
				3243E47A1F437BB5002444EF /* WorldTrotterUITests.swift */,
				3243E47C1F437BB5002444EF /* Info.plist */,
			);
			path = WorldTrotterUITests;
			sourceTree = "<group>";
		};
		3271D4A21F468D3A007E2DAE /* Frameworks */ = {
			isa = PBXGroup;
			children = (
				3271D4A31F468D3A007E2DAE /* MapKit.framework */,
			);
			name = Frameworks;
			sourceTree = "<group>";
		};
/* End PBXGroup section */

/* Begin PBXNativeTarget section */
		3243E4561F437BB4002444EF /* WorldTrotter */ = {
			isa = PBXNativeTarget;
			buildConfigurationList = 3243E47F1F437BB5002444EF /* Build configuration list for PBXNativeTarget "WorldTrotter" */;
			buildPhases = (
				3243E4531F437BB4002444EF /* Sources */,
				3243E4541F437BB4002444EF /* Frameworks */,
				3243E4551F437BB4002444EF /* Resources */,
			);
			buildRules = (
			);
			dependencies = (
			);
			name = WorldTrotter;
			productName = WorldTrotter;
			productReference = 3243E4571F437BB4002444EF /* WorldTrotter.app */;
			productType = "com.apple.product-type.application";
		};
		3243E46A1F437BB5002444EF /* WorldTrotterTests */ = {
			isa = PBXNativeTarget;
			buildConfigurationList = 3243E4821F437BB5002444EF /* Build configuration list for PBXNativeTarget "WorldTrotterTests" */;
			buildPhases = (
				3243E4671F437BB5002444EF /* Sources */,
				3243E4681F437BB5002444EF /* Frameworks */,
				3243E4691F437BB5002444EF /* Resources */,
			);
			buildRules = (
			);
			dependencies = (
				3243E46D1F437BB5002444EF /* PBXTargetDependency */,
			);
			name = WorldTrotterTests;
			productName = WorldTrotterTests;
			productReference = 3243E46B1F437BB5002444EF /* WorldTrotterTests.xctest */;
			productType = "com.apple.product-type.bundle.unit-test";
		};
		3243E4751F437BB5002444EF /* WorldTrotterUITests */ = {
			isa = PBXNativeTarget;
			buildConfigurationList = 3243E4851F437BB5002444EF /* Build configuration list for PBXNativeTarget "WorldTrotterUITests" */;
			buildPhases = (
				3243E4721F437BB5002444EF /* Sources */,
				3243E4731F437BB5002444EF /* Frameworks */,
				3243E4741F437BB5002444EF /* Resources */,
			);
			buildRules = (
			);
			dependencies = (
				3243E4781F437BB5002444EF /* PBXTargetDependency */,
			);
			name = WorldTrotterUITests;
			productName = WorldTrotterUITests;
			productReference = 3243E4761F437BB5002444EF /* WorldTrotterUITests.xctest */;
			productType = "com.apple.product-type.bundle.ui-testing";
		};
/* End PBXNativeTarget section */

/* Begin PBXProject section */
		3243E44F1F437BB4002444EF /* Project object */ = {
			isa = PBXProject;
			attributes = {
				LastSwiftUpdateCheck = 0830;
				LastUpgradeCheck = 0830;
				ORGANIZATIONNAME = SB;
				TargetAttributes = {
					3243E4561F437BB4002444EF = {
						CreatedOnToolsVersion = 8.3.3;
						DevelopmentTeam = 82PESEA6HC;
						ProvisioningStyle = Automatic;
					};
					3243E46A1F437BB5002444EF = {
						CreatedOnToolsVersion = 8.3.3;
						ProvisioningStyle = Automatic;
						TestTargetID = 3243E4561F437BB4002444EF;
					};
					3243E4751F437BB5002444EF = {
						CreatedOnToolsVersion = 8.3.3;
						ProvisioningStyle = Automatic;
						TestTargetID = 3243E4561F437BB4002444EF;
					};
				};
			};
			buildConfigurationList = 3243E4521F437BB4002444EF /* Build configuration list for PBXProject "WorldTrotter" */;
			compatibilityVersion = "Xcode 3.2";
			developmentRegion = English;
			hasScannedForEncodings = 0;
			knownRegions = (
				en,
				Base,
				es,
				ko,
			);
			mainGroup = 3243E44E1F437BB4002444EF;
			productRefGroup = 3243E4581F437BB4002444EF /* Products */;
			projectDirPath = "";
			projectRoot = "";
			targets = (
				3243E4561F437BB4002444EF /* WorldTrotter */,
				3243E46A1F437BB5002444EF /* WorldTrotterTests */,
				3243E4751F437BB5002444EF /* WorldTrotterUITests */,
			);
		};
/* End PBXProject section */

/* Begin PBXResourcesBuildPhase section */
		3243E4551F437BB4002444EF /* Resources */ = {
			isa = PBXResourcesBuildPhase;
			buildActionMask = 2147483647;
			files = (
				3243E4651F437BB4002444EF /* LaunchScreen.storyboard in Resources */,
				3262171A2154448F0034AC4B /* Localizable.strings in Resources */,
				3243E4621F437BB4002444EF /* Assets.xcassets in Resources */,
				3243E4601F437BB4002444EF /* Main.storyboard in Resources */,
			);
			runOnlyForDeploymentPostprocessing = 0;
		};
		3243E4691F437BB5002444EF /* Resources */ = {
			isa = PBXResourcesBuildPhase;
			buildActionMask = 2147483647;
			files = (
			);
			runOnlyForDeploymentPostprocessing = 0;
		};
		3243E4741F437BB5002444EF /* Resources */ = {
			isa = PBXResourcesBuildPhase;
			buildActionMask = 2147483647;
			files = (
			);
			runOnlyForDeploymentPostprocessing = 0;
		};
/* End PBXResourcesBuildPhase section */

/* Begin PBXSourcesBuildPhase section */
		3243E4531F437BB4002444EF /* Sources */ = {
			isa = PBXSourcesBuildPhase;
			buildActionMask = 2147483647;
			files = (
				3271D4A11F451102007E2DAE /* ConversionViewController.swift in Sources */,
				3271D4A61F47798C007E2DAE /* MapViewController.swift in Sources */,
				3243E45B1F437BB4002444EF /* AppDelegate.swift in Sources */,
				3276C1A420B8CE1F007DB919 /* WebViewController.swift in Sources */,
			);
			runOnlyForDeploymentPostprocessing = 0;
		};
		3243E4671F437BB5002444EF /* Sources */ = {
			isa = PBXSourcesBuildPhase;
			buildActionMask = 2147483647;
			files = (
				3243E4701F437BB5002444EF /* WorldTrotterTests.swift in Sources */,
			);
			runOnlyForDeploymentPostprocessing = 0;
		};
		3243E4721F437BB5002444EF /* Sources */ = {
			isa = PBXSourcesBuildPhase;
			buildActionMask = 2147483647;
			files = (
				3243E47B1F437BB5002444EF /* WorldTrotterUITests.swift in Sources */,
			);
			runOnlyForDeploymentPostprocessing = 0;
		};
/* End PBXSourcesBuildPhase section */

/* Begin PBXTargetDependency section */
		3243E46D1F437BB5002444EF /* PBXTargetDependency */ = {
			isa = PBXTargetDependency;
			target = 3243E4561F437BB4002444EF /* WorldTrotter */;
			targetProxy = 3243E46C1F437BB5002444EF /* PBXContainerItemProxy */;
		};
		3243E4781F437BB5002444EF /* PBXTargetDependency */ = {
			isa = PBXTargetDependency;
			target = 3243E4561F437BB4002444EF /* WorldTrotter */;
			targetProxy = 3243E4771F437BB5002444EF /* PBXContainerItemProxy */;
		};
/* End PBXTargetDependency section */

/* Begin PBXVariantGroup section */
		3243E45E1F437BB4002444EF /* Main.storyboard */ = {
			isa = PBXVariantGroup;
			children = (
				3243E45F1F437BB4002444EF /* Base */,
				324BEC6521543D780066761A /* en */,
				324BEC6621543DD10066761A /* es */,
				32707FD221547844009D5189 /* ko */,
			);
			name = Main.storyboard;
			sourceTree = "<group>";
		};
		3243E4631F437BB4002444EF /* LaunchScreen.storyboard */ = {
			isa = PBXVariantGroup;
			children = (
				3243E4641F437BB4002444EF /* Base */,
			);
			name = LaunchScreen.storyboard;
			sourceTree = "<group>";
		};
		3262171C2154448F0034AC4B /* Localizable.strings */ = {
			isa = PBXVariantGroup;
			children = (
				3262171B2154448F0034AC4B /* en */,
				3262171D215444940034AC4B /* es */,
				32707FD321547844009D5189 /* ko */,
			);
			name = Localizable.strings;
			sourceTree = "<group>";
		};
/* End PBXVariantGroup section */

/* Begin XCBuildConfiguration section */
		3243E47D1F437BB5002444EF /* Debug */ = {
			isa = XCBuildConfiguration;
			buildSettings = {
				ALWAYS_SEARCH_USER_PATHS = NO;
				CLANG_ANALYZER_LOCALIZABILITY_NONLOCALIZED = YES;
				CLANG_ANALYZER_NONNULL = YES;
				CLANG_ANALYZER_NUMBER_OBJECT_CONVERSION = YES_AGGRESSIVE;
				CLANG_CXX_LANGUAGE_STANDARD = "gnu++0x";
				CLANG_CXX_LIBRARY = "libc++";
				CLANG_ENABLE_MODULES = YES;
				CLANG_ENABLE_OBJC_ARC = YES;
				CLANG_WARN_BOOL_CONVERSION = YES;
				CLANG_WARN_CONSTANT_CONVERSION = YES;
				CLANG_WARN_DIRECT_OBJC_ISA_USAGE = YES_ERROR;
				CLANG_WARN_DOCUMENTATION_COMMENTS = YES;
				CLANG_WARN_EMPTY_BODY = YES;
				CLANG_WARN_ENUM_CONVERSION = YES;
				CLANG_WARN_INFINITE_RECURSION = YES;
				CLANG_WARN_INT_CONVERSION = YES;
				CLANG_WARN_OBJC_ROOT_CLASS = YES_ERROR;
				CLANG_WARN_SUSPICIOUS_MOVE = YES;
				CLANG_WARN_UNREACHABLE_CODE = YES;
				CLANG_WARN__DUPLICATE_METHOD_MATCH = YES;
				"CODE_SIGN_IDENTITY[sdk=iphoneos*]" = "iPhone Developer";
				COPY_PHASE_STRIP = NO;
				DEBUG_INFORMATION_FORMAT = dwarf;
				ENABLE_STRICT_OBJC_MSGSEND = YES;
				ENABLE_TESTABILITY = YES;
				GCC_C_LANGUAGE_STANDARD = gnu99;
				GCC_DYNAMIC_NO_PIC = NO;
				GCC_NO_COMMON_BLOCKS = YES;
				GCC_OPTIMIZATION_LEVEL = 0;
				GCC_PREPROCESSOR_DEFINITIONS = (
					"DEBUG=1",
					"$(inherited)",
				);
				GCC_WARN_64_TO_32_BIT_CONVERSION = YES;
				GCC_WARN_ABOUT_RETURN_TYPE = YES_ERROR;
				GCC_WARN_UNDECLARED_SELECTOR = YES;
				GCC_WARN_UNINITIALIZED_AUTOS = YES_AGGRESSIVE;
				GCC_WARN_UNUSED_FUNCTION = YES;
				GCC_WARN_UNUSED_VARIABLE = YES;
				IPHONEOS_DEPLOYMENT_TARGET = 10.3;
				MTL_ENABLE_DEBUG_INFO = YES;
				ONLY_ACTIVE_ARCH = YES;
				SDKROOT = iphoneos;
				SWIFT_ACTIVE_COMPILATION_CONDITIONS = DEBUG;
				SWIFT_OPTIMIZATION_LEVEL = "-Onone";
				TARGETED_DEVICE_FAMILY = "1,2";
			};
			name = Debug;
		};
		3243E47E1F437BB5002444EF /* Release */ = {
			isa = XCBuildConfiguration;
			buildSettings = {
				ALWAYS_SEARCH_USER_PATHS = NO;
				CLANG_ANALYZER_LOCALIZABILITY_NONLOCALIZED = YES;
				CLANG_ANALYZER_NONNULL = YES;
				CLANG_ANALYZER_NUMBER_OBJECT_CONVERSION = YES_AGGRESSIVE;
				CLANG_CXX_LANGUAGE_STANDARD = "gnu++0x";
				CLANG_CXX_LIBRARY = "libc++";
				CLANG_ENABLE_MODULES = YES;
				CLANG_ENABLE_OBJC_ARC = YES;
				CLANG_WARN_BOOL_CONVERSION = YES;
				CLANG_WARN_CONSTANT_CONVERSION = YES;
				CLANG_WARN_DIRECT_OBJC_ISA_USAGE = YES_ERROR;
				CLANG_WARN_DOCUMENTATION_COMMENTS = YES;
				CLANG_WARN_EMPTY_BODY = YES;
				CLANG_WARN_ENUM_CONVERSION = YES;
				CLANG_WARN_INFINITE_RECURSION = YES;
				CLANG_WARN_INT_CONVERSION = YES;
				CLANG_WARN_OBJC_ROOT_CLASS = YES_ERROR;
				CLANG_WARN_SUSPICIOUS_MOVE = YES;
				CLANG_WARN_UNREACHABLE_CODE = YES;
				CLANG_WARN__DUPLICATE_METHOD_MATCH = YES;
				"CODE_SIGN_IDENTITY[sdk=iphoneos*]" = "iPhone Developer";
				COPY_PHASE_STRIP = NO;
				DEBUG_INFORMATION_FORMAT = "dwarf-with-dsym";
				ENABLE_NS_ASSERTIONS = NO;
				ENABLE_STRICT_OBJC_MSGSEND = YES;
				GCC_C_LANGUAGE_STANDARD = gnu99;
				GCC_NO_COMMON_BLOCKS = YES;
				GCC_WARN_64_TO_32_BIT_CONVERSION = YES;
				GCC_WARN_ABOUT_RETURN_TYPE = YES_ERROR;
				GCC_WARN_UNDECLARED_SELECTOR = YES;
				GCC_WARN_UNINITIALIZED_AUTOS = YES_AGGRESSIVE;
				GCC_WARN_UNUSED_FUNCTION = YES;
				GCC_WARN_UNUSED_VARIABLE = YES;
				IPHONEOS_DEPLOYMENT_TARGET = 10.3;
				MTL_ENABLE_DEBUG_INFO = NO;
				SDKROOT = iphoneos;
				SWIFT_OPTIMIZATION_LEVEL = "-Owholemodule";
				TARGETED_DEVICE_FAMILY = "1,2";
				VALIDATE_PRODUCT = YES;
			};
			name = Release;
		};
		3243E4801F437BB5002444EF /* Debug */ = {
			isa = XCBuildConfiguration;
			buildSettings = {
				ASSETCATALOG_COMPILER_APPICON_NAME = AppIcon;
				DEVELOPMENT_TEAM = 82PESEA6HC;
				INFOPLIST_FILE = WorldTrotter/Info.plist;
				IPHONEOS_DEPLOYMENT_TARGET = 10.0;
				LD_RUNPATH_SEARCH_PATHS = "$(inherited) @executable_path/Frameworks";
				PRODUCT_BUNDLE_IDENTIFIER = sb.WorldTrotter;
				PRODUCT_NAME = "$(TARGET_NAME)";
				SWIFT_VERSION = 3.0;
			};
			name = Debug;
		};
		3243E4811F437BB5002444EF /* Release */ = {
			isa = XCBuildConfiguration;
			buildSettings = {
				ASSETCATALOG_COMPILER_APPICON_NAME = AppIcon;
				DEVELOPMENT_TEAM = 82PESEA6HC;
				INFOPLIST_FILE = WorldTrotter/Info.plist;
				IPHONEOS_DEPLOYMENT_TARGET = 10.0;
				LD_RUNPATH_SEARCH_PATHS = "$(inherited) @executable_path/Frameworks";
				PRODUCT_BUNDLE_IDENTIFIER = sb.WorldTrotter;
				PRODUCT_NAME = "$(TARGET_NAME)";
				SWIFT_VERSION = 3.0;
			};
			name = Release;
		};
		3243E4831F437BB5002444EF /* Debug */ = {
			isa = XCBuildConfiguration;
			buildSettings = {
				ALWAYS_EMBED_SWIFT_STANDARD_LIBRARIES = YES;
				BUNDLE_LOADER = "$(TEST_HOST)";
				INFOPLIST_FILE = WorldTrotterTests/Info.plist;
				LD_RUNPATH_SEARCH_PATHS = "$(inherited) @executable_path/Frameworks @loader_path/Frameworks";
				PRODUCT_BUNDLE_IDENTIFIER = sb.WorldTrotterTests;
				PRODUCT_NAME = "$(TARGET_NAME)";
				SWIFT_VERSION = 3.0;
				TEST_HOST = "$(BUILT_PRODUCTS_DIR)/WorldTrotter.app/WorldTrotter";
			};
			name = Debug;
		};
		3243E4841F437BB5002444EF /* Release */ = {
			isa = XCBuildConfiguration;
			buildSettings = {
				ALWAYS_EMBED_SWIFT_STANDARD_LIBRARIES = YES;
				BUNDLE_LOADER = "$(TEST_HOST)";
				INFOPLIST_FILE = WorldTrotterTests/Info.plist;
				LD_RUNPATH_SEARCH_PATHS = "$(inherited) @executable_path/Frameworks @loader_path/Frameworks";
				PRODUCT_BUNDLE_IDENTIFIER = sb.WorldTrotterTests;
				PRODUCT_NAME = "$(TARGET_NAME)";
				SWIFT_VERSION = 3.0;
				TEST_HOST = "$(BUILT_PRODUCTS_DIR)/WorldTrotter.app/WorldTrotter";
			};
			name = Release;
		};
		3243E4861F437BB5002444EF /* Debug */ = {
			isa = XCBuildConfiguration;
			buildSettings = {
				ALWAYS_EMBED_SWIFT_STANDARD_LIBRARIES = YES;
				INFOPLIST_FILE = WorldTrotterUITests/Info.plist;
				LD_RUNPATH_SEARCH_PATHS = "$(inherited) @executable_path/Frameworks @loader_path/Frameworks";
				PRODUCT_BUNDLE_IDENTIFIER = sb.WorldTrotterUITests;
				PRODUCT_NAME = "$(TARGET_NAME)";
				SWIFT_VERSION = 3.0;
				TEST_TARGET_NAME = WorldTrotter;
			};
			name = Debug;
		};
		3243E4871F437BB5002444EF /* Release */ = {
			isa = XCBuildConfiguration;
			buildSettings = {
				ALWAYS_EMBED_SWIFT_STANDARD_LIBRARIES = YES;
				INFOPLIST_FILE = WorldTrotterUITests/Info.plist;
				LD_RUNPATH_SEARCH_PATHS = "$(inherited) @executable_path/Frameworks @loader_path/Frameworks";
				PRODUCT_BUNDLE_IDENTIFIER = sb.WorldTrotterUITests;
				PRODUCT_NAME = "$(TARGET_NAME)";
				SWIFT_VERSION = 3.0;
				TEST_TARGET_NAME = WorldTrotter;
			};
			name = Release;
		};
/* End XCBuildConfiguration section */

/* Begin XCConfigurationList section */
		3243E4521F437BB4002444EF /* Build configuration list for PBXProject "WorldTrotter" */ = {
			isa = XCConfigurationList;
			buildConfigurations = (
				3243E47D1F437BB5002444EF /* Debug */,
				3243E47E1F437BB5002444EF /* Release */,
			);
			defaultConfigurationIsVisible = 0;
			defaultConfigurationName = Release;
		};
		3243E47F1F437BB5002444EF /* Build configuration list for PBXNativeTarget "WorldTrotter" */ = {
			isa = XCConfigurationList;
			buildConfigurations = (
				3243E4801F437BB5002444EF /* Debug */,
				3243E4811F437BB5002444EF /* Release */,
			);
			defaultConfigurationIsVisible = 0;
			defaultConfigurationName = Release;
		};
		3243E4821F437BB5002444EF /* Build configuration list for PBXNativeTarget "WorldTrotterTests" */ = {
			isa = XCConfigurationList;
			buildConfigurations = (
				3243E4831F437BB5002444EF /* Debug */,
				3243E4841F437BB5002444EF /* Release */,
			);
			defaultConfigurationIsVisible = 0;
			defaultConfigurationName = Release;
		};
		3243E4851F437BB5002444EF /* Build configuration list for PBXNativeTarget "WorldTrotterUITests" */ = {
			isa = XCConfigurationList;
			buildConfigurations = (
				3243E4861F437BB5002444EF /* Debug */,
				3243E4871F437BB5002444EF /* Release */,
			);
			defaultConfigurationIsVisible = 0;
			defaultConfigurationName = Release;
		};
/* End XCConfigurationList section */
	};
	rootObject = 3243E44F1F437BB4002444EF /* Project object */;
}
